// !$*UTF8*$!
{
	archiveVersion = 1;
	classes = {
	};
	objectVersion = 46;
	objects = {

/* Begin PBXBuildFile section */
		7381BB83141D94CF001E3F7D /* main.cpp in Sources */ = {isa = PBXBuildFile; fileRef = 7381BB82141D94CF001E3F7D /* main.cpp */; };
		7381BB85141D94CF001E3F7D /* hawkesInCpp.1 in CopyFiles */ = {isa = PBXBuildFile; fileRef = 7381BB84141D94CF001E3F7D /* hawkesInCpp.1 */; };
		7381BBA9141D9CEF001E3F7D /* SubSpikeStruct.cpp in Sources */ = {isa = PBXBuildFile; fileRef = 7381BBA8141D9CEF001E3F7D /* SubSpikeStruct.cpp */; };
		73EF4FDA141EA3290032EA0C /* Hawkes.cpp in Sources */ = {isa = PBXBuildFile; fileRef = 73EF4FD9141EA3290032EA0C /* Hawkes.cpp */; };
/* End PBXBuildFile section */

/* Begin PBXCopyFilesBuildPhase section */
		7381BB7C141D94CF001E3F7D /* CopyFiles */ = {
			isa = PBXCopyFilesBuildPhase;
			buildActionMask = 2147483647;
			dstPath = /usr/share/man/man1/;
			dstSubfolderSpec = 0;
			files = (
				7381BB85141D94CF001E3F7D /* hawkesInCpp.1 in CopyFiles */,
			);
			runOnlyForDeploymentPostprocessing = 1;
		};
/* End PBXCopyFilesBuildPhase section */

/* Begin PBXFileReference section */
		7381BB7E141D94CF001E3F7D /* hawkesInCpp */ = {isa = PBXFileReference; explicitFileType = "compiled.mach-o.executable"; includeInIndex = 0; path = hawkesInCpp; sourceTree = BUILT_PRODUCTS_DIR; };
		7381BB82141D94CF001E3F7D /* main.cpp */ = {isa = PBXFileReference; lastKnownFileType = sourcecode.cpp.cpp; name = main.cpp; path = hawkesInCpp/main.cpp; sourceTree = "<group>"; };
		7381BB84141D94CF001E3F7D /* hawkesInCpp.1 */ = {isa = PBXFileReference; lastKnownFileType = text.man; name = hawkesInCpp.1; path = hawkesInCpp/hawkesInCpp.1; sourceTree = "<group>"; };
		7381BB8B141D9529001E3F7D /* Matrix.h */ = {isa = PBXFileReference; fileEncoding = 4; lastKnownFileType = sourcecode.c.h; name = Matrix.h; path = hawkesInCpp/Matrix.h; sourceTree = "<group>"; };
		7381BB94141D97A2001E3F7D /* csvManagement.h */ = {isa = PBXFileReference; fileEncoding = 4; lastKnownFileType = sourcecode.c.h; path = csvManagement.h; sourceTree = "<group>"; };
		7381BBA6141D9CBC001E3F7D /* SubSpikeStruct.h */ = {isa = PBXFileReference; fileEncoding = 4; lastKnownFileType = sourcecode.c.h; path = SubSpikeStruct.h; sourceTree = "<group>"; };
		7381BBA8141D9CEF001E3F7D /* SubSpikeStruct.cpp */ = {isa = PBXFileReference; fileEncoding = 4; lastKnownFileType = sourcecode.cpp.cpp; path = SubSpikeStruct.cpp; sourceTree = "<group>"; };
		73C39B621433CEE800EC204C /* OptimFn.h */ = {isa = PBXFileReference; fileEncoding = 4; lastKnownFileType = sourcecode.c.h; path = OptimFn.h; sourceTree = "<group>"; };
		73CC73E0142FF693006AD077 /* MyVector.h */ = {isa = PBXFileReference; fileEncoding = 4; lastKnownFileType = sourcecode.c.h; path = MyVector.h; sourceTree = "<group>"; };
		73D456191431884600F09721 /* Optimizer.h */ = {isa = PBXFileReference; fileEncoding = 4; lastKnownFileType = sourcecode.c.h; path = Optimizer.h; sourceTree = "<group>"; };
		73EF4FD8141EA31C0032EA0C /* Hawkes.h */ = {isa = PBXFileReference; fileEncoding = 4; lastKnownFileType = sourcecode.c.h; path = Hawkes.h; sourceTree = "<group>"; };
		73EF4FD9141EA3290032EA0C /* Hawkes.cpp */ = {isa = PBXFileReference; fileEncoding = 4; lastKnownFileType = sourcecode.cpp.cpp; path = Hawkes.cpp; sourceTree = "<group>"; };
/* End PBXFileReference section */

/* Begin PBXFrameworksBuildPhase section */
		7381BB7B141D94CF001E3F7D /* Frameworks */ = {
			isa = PBXFrameworksBuildPhase;
			buildActionMask = 2147483647;
			files = (
			);
			runOnlyForDeploymentPostprocessing = 0;
		};
/* End PBXFrameworksBuildPhase section */

/* Begin PBXGroup section */
		732E23C01427E1BA0081A0CE /* DataManagement */ = {
			isa = PBXGroup;
			children = (
			);
			name = DataManagement;
			sourceTree = "<group>";
		};
		732E23C21427E1EE0081A0CE /* HawkesFunctionalities */ = {
			isa = PBXGroup;
			children = (
			);
			name = HawkesFunctionalities;
			sourceTree = "<group>";
		};
		7381BB73141D94CF001E3F7D = {
			isa = PBXGroup;
			children = (
				7381BBA0141D99D6001E3F7D /* hawkesInCpp */,
				7381BB7F141D94CF001E3F7D /* Products */,
			);
			sourceTree = "<group>";
		};
		7381BB7F141D94CF001E3F7D /* Products */ = {
			isa = PBXGroup;
			children = (
				7381BB7E141D94CF001E3F7D /* hawkesInCpp */,
			);
			name = Products;
			sourceTree = "<group>";
		};
		7381BB9E141D98DA001E3F7D /* Data */ = {
			isa = PBXGroup;
			children = (
				7381BBA6141D9CBC001E3F7D /* SubSpikeStruct.h */,
				7381BBA8141D9CEF001E3F7D /* SubSpikeStruct.cpp */,
			);
			name = Data;
			path = hawkesInCpp;
			sourceTree = "<group>";
		};
		7381BBA0141D99D6001E3F7D /* hawkesInCpp */ = {
			isa = PBXGroup;
			children = (
				7381BB82141D94CF001E3F7D /* main.cpp */,
				7381BB84141D94CF001E3F7D /* hawkesInCpp.1 */,
				732E23C21427E1EE0081A0CE /* HawkesFunctionalities */,
				73EF4FD8141EA31C0032EA0C /* Hawkes.h */,
				73EF4FD9141EA3290032EA0C /* Hawkes.cpp */,
				732E23C01427E1BA0081A0CE /* DataManagement */,
				7381BB94141D97A2001E3F7D /* csvManagement.h */,
				7381BBA1141D9A1E001E3F7D /* helper */,
				7381BB9E141D98DA001E3F7D /* Data */,
				73D456191431884600F09721 /* Optimizer.h */,
				73C39B621433CEE800EC204C /* OptimFn.h */,
			);
			name = hawkesInCpp;
			sourceTree = "<group>";
		};
		7381BBA1141D9A1E001E3F7D /* helper */ = {
			isa = PBXGroup;
			children = (
				7381BB8B141D9529001E3F7D /* Matrix.h */,
				73CC73E0142FF693006AD077 /* MyVector.h */,
			);
			name = helper;
			sourceTree = "<group>";
		};
/* End PBXGroup section */

/* Begin PBXNativeTarget section */
		7381BB7D141D94CF001E3F7D /* hawkesInCpp */ = {
			isa = PBXNativeTarget;
			buildConfigurationList = 7381BB88141D94CF001E3F7D /* Build configuration list for PBXNativeTarget "hawkesInCpp" */;
			buildPhases = (
				7381BB7A141D94CF001E3F7D /* Sources */,
				7381BB7B141D94CF001E3F7D /* Frameworks */,
				7381BB7C141D94CF001E3F7D /* CopyFiles */,
			);
			buildRules = (
			);
			dependencies = (
			);
			name = hawkesInCpp;
			productName = hawkesInCpp;
			productReference = 7381BB7E141D94CF001E3F7D /* hawkesInCpp */;
			productType = "com.apple.product-type.tool";
		};
/* End PBXNativeTarget section */

/* Begin PBXProject section */
		7381BB75141D94CF001E3F7D /* Project object */ = {
			isa = PBXProject;
			attributes = {
				ORGANIZATIONNAME = "University of Illinois";
			};
			buildConfigurationList = 7381BB78141D94CF001E3F7D /* Build configuration list for PBXProject "hawkesInCpp" */;
			compatibilityVersion = "Xcode 3.2";
			developmentRegion = English;
			hasScannedForEncodings = 0;
			knownRegions = (
				en,
			);
			mainGroup = 7381BB73141D94CF001E3F7D;
			productRefGroup = 7381BB7F141D94CF001E3F7D /* Products */;
			projectDirPath = "";
			projectRoot = "";
			targets = (
				7381BB7D141D94CF001E3F7D /* hawkesInCpp */,
			);
		};
/* End PBXProject section */

/* Begin PBXSourcesBuildPhase section */
		7381BB7A141D94CF001E3F7D /* Sources */ = {
			isa = PBXSourcesBuildPhase;
			buildActionMask = 2147483647;
			files = (
				7381BB83141D94CF001E3F7D /* main.cpp in Sources */,
				7381BBA9141D9CEF001E3F7D /* SubSpikeStruct.cpp in Sources */,
				73EF4FDA141EA3290032EA0C /* Hawkes.cpp in Sources */,
			);
			runOnlyForDeploymentPostprocessing = 0;
		};
/* End PBXSourcesBuildPhase section */

/* Begin XCBuildConfiguration section */
		7381BB86141D94CF001E3F7D /* Debug */ = {
			isa = XCBuildConfiguration;
			buildSettings = {
				ALWAYS_SEARCH_USER_PATHS = NO;
				ARCHS = "$(ARCHS_STANDARD_64_BIT)";
				COPY_PHASE_STRIP = NO;
				GCC_C_LANGUAGE_STANDARD = gnu99;
				GCC_DYNAMIC_NO_PIC = NO;
				GCC_ENABLE_OBJC_EXCEPTIONS = YES;
				GCC_OPTIMIZATION_LEVEL = 0;
				GCC_PREPROCESSOR_DEFINITIONS = (
					"DEBUG=1",
					"$(inherited)",
				);
				GCC_SYMBOLS_PRIVATE_EXTERN = NO;
				GCC_VERSION = com.apple.compilers.llvm.clang.1_0;
				GCC_WARN_64_TO_32_BIT_CONVERSION = YES;
				GCC_WARN_ABOUT_MISSING_PROTOTYPES = YES;
				GCC_WARN_ABOUT_RETURN_TYPE = YES;
				GCC_WARN_UNUSED_VARIABLE = YES;
				MACOSX_DEPLOYMENT_TARGET = 10.7;
				ONLY_ACTIVE_ARCH = YES;
				SDKROOT = macosx;
			};
			name = Debug;
		};
		7381BB87141D94CF001E3F7D /* Release */ = {
			isa = XCBuildConfiguration;
			buildSettings = {
				ALWAYS_SEARCH_USER_PATHS = NO;
				ARCHS = "$(ARCHS_STANDARD_64_BIT)";
				COPY_PHASE_STRIP = YES;
				DEBUG_INFORMATION_FORMAT = "dwarf-with-dsym";
				GCC_C_LANGUAGE_STANDARD = gnu99;
				GCC_ENABLE_OBJC_EXCEPTIONS = YES;
				GCC_VERSION = com.apple.compilers.llvm.clang.1_0;
				GCC_WARN_64_TO_32_BIT_CONVERSION = YES;
				GCC_WARN_ABOUT_MISSING_PROTOTYPES = YES;
				GCC_WARN_ABOUT_RETURN_TYPE = YES;
				GCC_WARN_UNUSED_VARIABLE = YES;
				MACOSX_DEPLOYMENT_TARGET = 10.7;
				SDKROOT = macosx;
			};
			name = Release;
		};
		7381BB89141D94CF001E3F7D /* Debug */ = {
			isa = XCBuildConfiguration;
			buildSettings = {
				PRODUCT_NAME = "$(TARGET_NAME)";
			};
			name = Debug;
		};
		7381BB8A141D94CF001E3F7D /* Release */ = {
			isa = XCBuildConfiguration;
			buildSettings = {
				PRODUCT_NAME = "$(TARGET_NAME)";
			};
			name = Release;
		};
/* End XCBuildConfiguration section */

/* Begin XCConfigurationList section */
		7381BB78141D94CF001E3F7D /* Build configuration list for PBXProject "hawkesInCpp" */ = {
			isa = XCConfigurationList;
			buildConfigurations = (
				7381BB86141D94CF001E3F7D /* Debug */,
				7381BB87141D94CF001E3F7D /* Release */,
			);
			defaultConfigurationIsVisible = 0;
			defaultConfigurationName = Release;
		};
		7381BB88141D94CF001E3F7D /* Build configuration list for PBXNativeTarget "hawkesInCpp" */ = {
			isa = XCConfigurationList;
			buildConfigurations = (
				7381BB89141D94CF001E3F7D /* Debug */,
				7381BB8A141D94CF001E3F7D /* Release */,
			);
			defaultConfigurationIsVisible = 0;
			defaultConfigurationName = Release;
		};
/* End XCConfigurationList section */
	};
	rootObject = 7381BB75141D94CF001E3F7D /* Project object */;
}
